// !$*UTF8*$!
{
	archiveVersion = 1;
	classes = {
	};
	objectVersion = 56;
	objects = {

/* Begin PBXBuildFile section */
		44AD10E92C10551E0090CF5F /* AppDelegate.swift in Sources */ = {isa = PBXBuildFile; fileRef = 44AD10E82C10551E0090CF5F /* AppDelegate.swift */; };
		44AD10EB2C10551E0090CF5F /* SceneDelegate.swift in Sources */ = {isa = PBXBuildFile; fileRef = 44AD10EA2C10551E0090CF5F /* SceneDelegate.swift */; };
		44AD10ED2C10551E0090CF5F /* ViewController.swift in Sources */ = {isa = PBXBuildFile; fileRef = 44AD10EC2C10551E0090CF5F /* ViewController.swift */; };
		44AD10F22C10551F0090CF5F /* Assets.xcassets in Resources */ = {isa = PBXBuildFile; fileRef = 44AD10F12C10551F0090CF5F /* Assets.xcassets */; };
		44AD10F52C10551F0090CF5F /* Base in Resources */ = {isa = PBXBuildFile; fileRef = 44AD10F42C10551F0090CF5F /* Base */; };
		44AD10FD2C10557D0090CF5F /* .gitignore in Resources */ = {isa = PBXBuildFile; fileRef = 44AD10FC2C10557D0090CF5F /* .gitignore */; };
		44AD10FF2C1056D00090CF5F /* APIKey.swift in Sources */ = {isa = PBXBuildFile; fileRef = 44AD10FE2C1056D00090CF5F /* APIKey.swift */; };
		44AD11022C105B140090CF5F /* Alamofire in Frameworks */ = {isa = PBXBuildFile; productRef = 44AD11012C105B140090CF5F /* Alamofire */; };
		44AD11052C105BD90090CF5F /* SnapKit in Frameworks */ = {isa = PBXBuildFile; productRef = 44AD11042C105BD90090CF5F /* SnapKit */; };
		44AD11072C1060F40090CF5F /* UIColor+Extension.swift in Sources */ = {isa = PBXBuildFile; fileRef = 44AD11062C1060F40090CF5F /* UIColor+Extension.swift */; };
		44AD11092C1076340090CF5F /* Lotto.swift in Sources */ = {isa = PBXBuildFile; fileRef = 44AD11082C1076340090CF5F /* Lotto.swift */; };
/* End PBXBuildFile section */

/* Begin PBXFileReference section */
		44AD10E52C10551E0090CF5F /* SimpleLotteryProject.app */ = {isa = PBXFileReference; explicitFileType = wrapper.application; includeInIndex = 0; path = SimpleLotteryProject.app; sourceTree = BUILT_PRODUCTS_DIR; };
		44AD10E82C10551E0090CF5F /* AppDelegate.swift */ = {isa = PBXFileReference; lastKnownFileType = sourcecode.swift; path = AppDelegate.swift; sourceTree = "<group>"; };
		44AD10EA2C10551E0090CF5F /* SceneDelegate.swift */ = {isa = PBXFileReference; lastKnownFileType = sourcecode.swift; path = SceneDelegate.swift; sourceTree = "<group>"; };
		44AD10EC2C10551E0090CF5F /* ViewController.swift */ = {isa = PBXFileReference; lastKnownFileType = sourcecode.swift; path = ViewController.swift; sourceTree = "<group>"; };
		44AD10F12C10551F0090CF5F /* Assets.xcassets */ = {isa = PBXFileReference; lastKnownFileType = folder.assetcatalog; path = Assets.xcassets; sourceTree = "<group>"; };
		44AD10F42C10551F0090CF5F /* Base */ = {isa = PBXFileReference; lastKnownFileType = file.storyboard; name = Base; path = Base.lproj/LaunchScreen.storyboard; sourceTree = "<group>"; };
		44AD10F62C10551F0090CF5F /* Info.plist */ = {isa = PBXFileReference; lastKnownFileType = text.plist.xml; path = Info.plist; sourceTree = "<group>"; };
		44AD10FC2C10557D0090CF5F /* .gitignore */ = {isa = PBXFileReference; lastKnownFileType = text; path = .gitignore; sourceTree = "<group>"; };
		44AD10FE2C1056D00090CF5F /* APIKey.swift */ = {isa = PBXFileReference; lastKnownFileType = sourcecode.swift; path = APIKey.swift; sourceTree = "<group>"; };
		44AD11062C1060F40090CF5F /* UIColor+Extension.swift */ = {isa = PBXFileReference; lastKnownFileType = sourcecode.swift; path = "UIColor+Extension.swift"; sourceTree = "<group>"; };
		44AD11082C1076340090CF5F /* Lotto.swift */ = {isa = PBXFileReference; lastKnownFileType = sourcecode.swift; path = Lotto.swift; sourceTree = "<group>"; };
/* End PBXFileReference section */

/* Begin PBXFrameworksBuildPhase section */
		44AD10E22C10551E0090CF5F /* Frameworks */ = {
			isa = PBXFrameworksBuildPhase;
			buildActionMask = 2147483647;
			files = (
				44AD11022C105B140090CF5F /* Alamofire in Frameworks */,
				44AD11052C105BD90090CF5F /* SnapKit in Frameworks */,
			);
			runOnlyForDeploymentPostprocessing = 0;
		};
/* End PBXFrameworksBuildPhase section */

/* Begin PBXGroup section */
		44AD10DC2C10551E0090CF5F = {
			isa = PBXGroup;
			children = (
				44AD10FC2C10557D0090CF5F /* .gitignore */,
				44AD10E72C10551E0090CF5F /* SimpleLotteryProject */,
				44AD10E62C10551E0090CF5F /* Products */,
			);
			sourceTree = "<group>";
		};
		44AD10E62C10551E0090CF5F /* Products */ = {
			isa = PBXGroup;
			children = (
				44AD10E52C10551E0090CF5F /* SimpleLotteryProject.app */,
			);
			name = Products;
			sourceTree = "<group>";
		};
		44AD10E72C10551E0090CF5F /* SimpleLotteryProject */ = {
			isa = PBXGroup;
			children = (
				44AD10E82C10551E0090CF5F /* AppDelegate.swift */,
				44AD10EA2C10551E0090CF5F /* SceneDelegate.swift */,
				44AD11082C1076340090CF5F /* Lotto.swift */,
				44AD10EC2C10551E0090CF5F /* ViewController.swift */,
				44AD10F12C10551F0090CF5F /* Assets.xcassets */,
				44AD10F32C10551F0090CF5F /* LaunchScreen.storyboard */,
				44AD10F62C10551F0090CF5F /* Info.plist */,
				44AD10FE2C1056D00090CF5F /* APIKey.swift */,
				44AD11062C1060F40090CF5F /* UIColor+Extension.swift */,
			);
			path = SimpleLotteryProject;
			sourceTree = "<group>";
		};
/* End PBXGroup section */

/* Begin PBXNativeTarget section */
		44AD10E42C10551E0090CF5F /* SimpleLotteryProject */ = {
			isa = PBXNativeTarget;
			buildConfigurationList = 44AD10F92C10551F0090CF5F /* Build configuration list for PBXNativeTarget "SimpleLotteryProject" */;
			buildPhases = (
				44AD10E12C10551E0090CF5F /* Sources */,
				44AD10E22C10551E0090CF5F /* Frameworks */,
				44AD10E32C10551E0090CF5F /* Resources */,
			);
			buildRules = (
			);
			dependencies = (
			);
			name = SimpleLotteryProject;
			packageProductDependencies = (
				44AD11012C105B140090CF5F /* Alamofire */,
				44AD11042C105BD90090CF5F /* SnapKit */,
			);
			productName = SimpleLotteryProject;
			productReference = 44AD10E52C10551E0090CF5F /* SimpleLotteryProject.app */;
			productType = "com.apple.product-type.application";
		};
/* End PBXNativeTarget section */

/* Begin PBXProject section */
		44AD10DD2C10551E0090CF5F /* Project object */ = {
			isa = PBXProject;
			attributes = {
				BuildIndependentTargetsInParallel = 1;
				LastSwiftUpdateCheck = 1530;
				LastUpgradeCheck = 1530;
				TargetAttributes = {
					44AD10E42C10551E0090CF5F = {
						CreatedOnToolsVersion = 15.3;
					};
				};
			};
			buildConfigurationList = 44AD10E02C10551E0090CF5F /* Build configuration list for PBXProject "SimpleLotteryProject" */;
			compatibilityVersion = "Xcode 14.0";
			developmentRegion = en;
			hasScannedForEncodings = 0;
			knownRegions = (
				en,
				Base,
			);
			mainGroup = 44AD10DC2C10551E0090CF5F;
			packageReferences = (
				44AD11002C105B140090CF5F /* XCRemoteSwiftPackageReference "Alamofire" */,
				44AD11032C105BD90090CF5F /* XCRemoteSwiftPackageReference "SnapKit" */,
			);
			productRefGroup = 44AD10E62C10551E0090CF5F /* Products */;
			projectDirPath = "";
			projectRoot = "";
			targets = (
				44AD10E42C10551E0090CF5F /* SimpleLotteryProject */,
			);
		};
/* End PBXProject section */

/* Begin PBXResourcesBuildPhase section */
		44AD10E32C10551E0090CF5F /* Resources */ = {
			isa = PBXResourcesBuildPhase;
			buildActionMask = 2147483647;
			files = (
				44AD10FD2C10557D0090CF5F /* .gitignore in Resources */,
				44AD10F22C10551F0090CF5F /* Assets.xcassets in Resources */,
				44AD10F52C10551F0090CF5F /* Base in Resources */,
			);
			runOnlyForDeploymentPostprocessing = 0;
		};
/* End PBXResourcesBuildPhase section */

/* Begin PBXSourcesBuildPhase section */
		44AD10E12C10551E0090CF5F /* Sources */ = {
			isa = PBXSourcesBuildPhase;
			buildActionMask = 2147483647;
			files = (
				44AD11092C1076340090CF5F /* Lotto.swift in Sources */,
				44AD10ED2C10551E0090CF5F /* ViewController.swift in Sources */,
				44AD10E92C10551E0090CF5F /* AppDelegate.swift in Sources */,
				44AD10FF2C1056D00090CF5F /* APIKey.swift in Sources */,
				44AD10EB2C10551E0090CF5F /* SceneDelegate.swift in Sources */,
				44AD11072C1060F40090CF5F /* UIColor+Extension.swift in Sources */,
			);
			runOnlyForDeploymentPostprocessing = 0;
		};
/* End PBXSourcesBuildPhase section */

/* Begin PBXVariantGroup section */
		44AD10F32C10551F0090CF5F /* LaunchScreen.storyboard */ = {
			isa = PBXVariantGroup;
			children = (
				44AD10F42C10551F0090CF5F /* Base */,
			);
			name = LaunchScreen.storyboard;
			sourceTree = "<group>";
		};
/* End PBXVariantGroup section */

/* Begin XCBuildConfiguration section */
		44AD10F72C10551F0090CF5F /* Debug */ = {
			isa = XCBuildConfiguration;
			buildSettings = {
				ALWAYS_SEARCH_USER_PATHS = NO;
				ASSETCATALOG_COMPILER_GENERATE_SWIFT_ASSET_SYMBOL_EXTENSIONS = YES;
				CLANG_ANALYZER_NONNULL = YES;
				CLANG_ANALYZER_NUMBER_OBJECT_CONVERSION = YES_AGGRESSIVE;
				CLANG_CXX_LANGUAGE_STANDARD = "gnu++20";
				CLANG_ENABLE_MODULES = YES;
				CLANG_ENABLE_OBJC_ARC = YES;
				CLANG_ENABLE_OBJC_WEAK = YES;
				CLANG_WARN_BLOCK_CAPTURE_AUTORELEASING = YES;
				CLANG_WARN_BOOL_CONVERSION = YES;
				CLANG_WARN_COMMA = YES;
				CLANG_WARN_CONSTANT_CONVERSION = YES;
				CLANG_WARN_DEPRECATED_OBJC_IMPLEMENTATIONS = YES;
				CLANG_WARN_DIRECT_OBJC_ISA_USAGE = YES_ERROR;
				CLANG_WARN_DOCUMENTATION_COMMENTS = YES;
				CLANG_WARN_EMPTY_BODY = YES;
				CLANG_WARN_ENUM_CONVERSION = YES;
				CLANG_WARN_INFINITE_RECURSION = YES;
				CLANG_WARN_INT_CONVERSION = YES;
				CLANG_WARN_NON_LITERAL_NULL_CONVERSION = YES;
				CLANG_WARN_OBJC_IMPLICIT_RETAIN_SELF = YES;
				CLANG_WARN_OBJC_LITERAL_CONVERSION = YES;
				CLANG_WARN_OBJC_ROOT_CLASS = YES_ERROR;
				CLANG_WARN_QUOTED_INCLUDE_IN_FRAMEWORK_HEADER = YES;
				CLANG_WARN_RANGE_LOOP_ANALYSIS = YES;
				CLANG_WARN_STRICT_PROTOTYPES = YES;
				CLANG_WARN_SUSPICIOUS_MOVE = YES;
				CLANG_WARN_UNGUARDED_AVAILABILITY = YES_AGGRESSIVE;
				CLANG_WARN_UNREACHABLE_CODE = YES;
				CLANG_WARN__DUPLICATE_METHOD_MATCH = YES;
				COPY_PHASE_STRIP = NO;
				DEBUG_INFORMATION_FORMAT = dwarf;
				ENABLE_STRICT_OBJC_MSGSEND = YES;
				ENABLE_TESTABILITY = YES;
				ENABLE_USER_SCRIPT_SANDBOXING = YES;
				GCC_C_LANGUAGE_STANDARD = gnu17;
				GCC_DYNAMIC_NO_PIC = NO;
				GCC_NO_COMMON_BLOCKS = YES;
				GCC_OPTIMIZATION_LEVEL = 0;
				GCC_PREPROCESSOR_DEFINITIONS = (
					"DEBUG=1",
					"$(inherited)",
				);
				GCC_WARN_64_TO_32_BIT_CONVERSION = YES;
				GCC_WARN_ABOUT_RETURN_TYPE = YES_ERROR;
				GCC_WARN_UNDECLARED_SELECTOR = YES;
				GCC_WARN_UNINITIALIZED_AUTOS = YES_AGGRESSIVE;
				GCC_WARN_UNUSED_FUNCTION = YES;
				GCC_WARN_UNUSED_VARIABLE = YES;
				IPHONEOS_DEPLOYMENT_TARGET = 17.4;
				LOCALIZATION_PREFERS_STRING_CATALOGS = YES;
				MTL_ENABLE_DEBUG_INFO = INCLUDE_SOURCE;
				MTL_FAST_MATH = YES;
				ONLY_ACTIVE_ARCH = YES;
				SDKROOT = iphoneos;
				SWIFT_ACTIVE_COMPILATION_CONDITIONS = "DEBUG $(inherited)";
				SWIFT_OPTIMIZATION_LEVEL = "-Onone";
			};
			name = Debug;
		};
		44AD10F82C10551F0090CF5F /* Release */ = {
			isa = XCBuildConfiguration;
			buildSettings = {
				ALWAYS_SEARCH_USER_PATHS = NO;
				ASSETCATALOG_COMPILER_GENERATE_SWIFT_ASSET_SYMBOL_EXTENSIONS = YES;
				CLANG_ANALYZER_NONNULL = YES;
				CLANG_ANALYZER_NUMBER_OBJECT_CONVERSION = YES_AGGRESSIVE;
				CLANG_CXX_LANGUAGE_STANDARD = "gnu++20";
				CLANG_ENABLE_MODULES = YES;
				CLANG_ENABLE_OBJC_ARC = YES;
				CLANG_ENABLE_OBJC_WEAK = YES;
				CLANG_WARN_BLOCK_CAPTURE_AUTORELEASING = YES;
				CLANG_WARN_BOOL_CONVERSION = YES;
				CLANG_WARN_COMMA = YES;
				CLANG_WARN_CONSTANT_CONVERSION = YES;
				CLANG_WARN_DEPRECATED_OBJC_IMPLEMENTATIONS = YES;
				CLANG_WARN_DIRECT_OBJC_ISA_USAGE = YES_ERROR;
				CLANG_WARN_DOCUMENTATION_COMMENTS = YES;
				CLANG_WARN_EMPTY_BODY = YES;
				CLANG_WARN_ENUM_CONVERSION = YES;
				CLANG_WARN_INFINITE_RECURSION = YES;
				CLANG_WARN_INT_CONVERSION = YES;
				CLANG_WARN_NON_LITERAL_NULL_CONVERSION = YES;
				CLANG_WARN_OBJC_IMPLICIT_RETAIN_SELF = YES;
				CLANG_WARN_OBJC_LITERAL_CONVERSION = YES;
				CLANG_WARN_OBJC_ROOT_CLASS = YES_ERROR;
				CLANG_WARN_QUOTED_INCLUDE_IN_FRAMEWORK_HEADER = YES;
				CLANG_WARN_RANGE_LOOP_ANALYSIS = YES;
				CLANG_WARN_STRICT_PROTOTYPES = YES;
				CLANG_WARN_SUSPICIOUS_MOVE = YES;
				CLANG_WARN_UNGUARDED_AVAILABILITY = YES_AGGRESSIVE;
				CLANG_WARN_UNREACHABLE_CODE = YES;
				CLANG_WARN__DUPLICATE_METHOD_MATCH = YES;
				COPY_PHASE_STRIP = NO;
				DEBUG_INFORMATION_FORMAT = "dwarf-with-dsym";
				ENABLE_NS_ASSERTIONS = NO;
				ENABLE_STRICT_OBJC_MSGSEND = YES;
				ENABLE_USER_SCRIPT_SANDBOXING = YES;
				GCC_C_LANGUAGE_STANDARD = gnu17;
				GCC_NO_COMMON_BLOCKS = YES;
				GCC_WARN_64_TO_32_BIT_CONVERSION = YES;
				GCC_WARN_ABOUT_RETURN_TYPE = YES_ERROR;
				GCC_WARN_UNDECLARED_SELECTOR = YES;
				GCC_WARN_UNINITIALIZED_AUTOS = YES_AGGRESSIVE;
				GCC_WARN_UNUSED_FUNCTION = YES;
				GCC_WARN_UNUSED_VARIABLE = YES;
				IPHONEOS_DEPLOYMENT_TARGET = 17.4;
				LOCALIZATION_PREFERS_STRING_CATALOGS = YES;
				MTL_ENABLE_DEBUG_INFO = NO;
				MTL_FAST_MATH = YES;
				SDKROOT = iphoneos;
				SWIFT_COMPILATION_MODE = wholemodule;
				VALIDATE_PRODUCT = YES;
			};
			name = Release;
		};
		44AD10FA2C10551F0090CF5F /* Debug */ = {
			isa = XCBuildConfiguration;
			buildSettings = {
				ASSETCATALOG_COMPILER_APPICON_NAME = AppIcon;
				ASSETCATALOG_COMPILER_GLOBAL_ACCENT_COLOR_NAME = AccentColor;
				CODE_SIGN_STYLE = Automatic;
				CURRENT_PROJECT_VERSION = 1;
				DEVELOPMENT_TEAM = 9M37U587ZT;
				GENERATE_INFOPLIST_FILE = YES;
				INFOPLIST_FILE = SimpleLotteryProject/Info.plist;
				INFOPLIST_KEY_UIApplicationSupportsIndirectInputEvents = YES;
				INFOPLIST_KEY_UILaunchStoryboardName = LaunchScreen;
				INFOPLIST_KEY_UISupportedInterfaceOrientations = UIInterfaceOrientationPortrait;
				INFOPLIST_KEY_UISupportedInterfaceOrientations_iPad = UIInterfaceOrientationPortrait;
				IPHONEOS_DEPLOYMENT_TARGET = 16.0;
				LD_RUNPATH_SEARCH_PATHS = (
					"$(inherited)",
					"@executable_path/Frameworks",
				);
				MARKETING_VERSION = 1.0;
				PRODUCT_BUNDLE_IDENTIFIER = com.daeyunkwon.SimpleLotteryProject;
				PRODUCT_NAME = "$(TARGET_NAME)";
				SUPPORTED_PLATFORMS = "iphoneos iphonesimulator";
				SUPPORTS_MACCATALYST = NO;
				SUPPORTS_MAC_DESIGNED_FOR_IPHONE_IPAD = NO;
				SUPPORTS_XR_DESIGNED_FOR_IPHONE_IPAD = NO;
				SWIFT_EMIT_LOC_STRINGS = YES;
				SWIFT_VERSION = 5.0;
				TARGETED_DEVICE_FAMILY = 1;
			};
			name = Debug;
		};
		44AD10FB2C10551F0090CF5F /* Release */ = {
			isa = XCBuildConfiguration;
			buildSettings = {
				ASSETCATALOG_COMPILER_APPICON_NAME = AppIcon;
				ASSETCATALOG_COMPILER_GLOBAL_ACCENT_COLOR_NAME = AccentColor;
				CODE_SIGN_STYLE = Automatic;
				CURRENT_PROJECT_VERSION = 1;
				DEVELOPMENT_TEAM = 9M37U587ZT;
				GENERATE_INFOPLIST_FILE = YES;
				INFOPLIST_FILE = SimpleLotteryProject/Info.plist;
				INFOPLIST_KEY_UIApplicationSupportsIndirectInputEvents = YES;
				INFOPLIST_KEY_UILaunchStoryboardName = LaunchScreen;
				INFOPLIST_KEY_UISupportedInterfaceOrientations = UIInterfaceOrientationPortrait;
				INFOPLIST_KEY_UISupportedInterfaceOrientations_iPad = UIInterfaceOrientationPortrait;
				IPHONEOS_DEPLOYMENT_TARGET = 16.0;
				LD_RUNPATH_SEARCH_PATHS = (
					"$(inherited)",
					"@executable_path/Frameworks",
				);
				MARKETING_VERSION = 1.0;
				PRODUCT_BUNDLE_IDENTIFIER = com.daeyunkwon.SimpleLotteryProject;
				PRODUCT_NAME = "$(TARGET_NAME)";
				SUPPORTED_PLATFORMS = "iphoneos iphonesimulator";
				SUPPORTS_MACCATALYST = NO;
				SUPPORTS_MAC_DESIGNED_FOR_IPHONE_IPAD = NO;
				SUPPORTS_XR_DESIGNED_FOR_IPHONE_IPAD = NO;
				SWIFT_EMIT_LOC_STRINGS = YES;
				SWIFT_VERSION = 5.0;
				TARGETED_DEVICE_FAMILY = 1;
			};
			name = Release;
		};
/* End XCBuildConfiguration section */

/* Begin XCConfigurationList section */
		44AD10E02C10551E0090CF5F /* Build configuration list for PBXProject "SimpleLotteryProject" */ = {
			isa = XCConfigurationList;
			buildConfigurations = (
				44AD10F72C10551F0090CF5F /* Debug */,
				44AD10F82C10551F0090CF5F /* Release */,
			);
			defaultConfigurationIsVisible = 0;
			defaultConfigurationName = Release;
		};
		44AD10F92C10551F0090CF5F /* Build configuration list for PBXNativeTarget "SimpleLotteryProject" */ = {
			isa = XCConfigurationList;
			buildConfigurations = (
				44AD10FA2C10551F0090CF5F /* Debug */,
				44AD10FB2C10551F0090CF5F /* Release */,
			);
			defaultConfigurationIsVisible = 0;
			defaultConfigurationName = Release;
		};
/* End XCConfigurationList section */

/* Begin XCRemoteSwiftPackageReference section */
		44AD11002C105B140090CF5F /* XCRemoteSwiftPackageReference "Alamofire" */ = {
			isa = XCRemoteSwiftPackageReference;
			repositoryURL = "https://github.com/Alamofire/Alamofire";
			requirement = {
				kind = upToNextMajorVersion;
				minimumVersion = 5.9.1;
			};
		};
		44AD11032C105BD90090CF5F /* XCRemoteSwiftPackageReference "SnapKit" */ = {
			isa = XCRemoteSwiftPackageReference;
			repositoryURL = "https://github.com/SnapKit/SnapKit";
			requirement = {
				kind = upToNextMajorVersion;
				minimumVersion = 5.7.1;
			};
		};
/* End XCRemoteSwiftPackageReference section */

/* Begin XCSwiftPackageProductDependency section */
		44AD11012C105B140090CF5F /* Alamofire */ = {
			isa = XCSwiftPackageProductDependency;
			package = 44AD11002C105B140090CF5F /* XCRemoteSwiftPackageReference "Alamofire" */;
			productName = Alamofire;
		};
		44AD11042C105BD90090CF5F /* SnapKit */ = {
			isa = XCSwiftPackageProductDependency;
			package = 44AD11032C105BD90090CF5F /* XCRemoteSwiftPackageReference "SnapKit" */;
			productName = SnapKit;
		};
/* End XCSwiftPackageProductDependency section */
	};
	rootObject = 44AD10DD2C10551E0090CF5F /* Project object */;
}
